// !$*UTF8*$!
{
	archiveVersion = 1;
	classes = {
	};
	objectVersion = 50;
	objects = {

/* Begin PBXBuildFile section */
		C7242407235F8EF800B5053C /* AppDelegate.swift in Sources */ = {isa = PBXBuildFile; fileRef = C7242406235F8EF800B5053C /* AppDelegate.swift */; };
		C7242409235F8EF800B5053C /* SceneDelegate.swift in Sources */ = {isa = PBXBuildFile; fileRef = C7242408235F8EF800B5053C /* SceneDelegate.swift */; };
		C724240B235F8EF800B5053C /* ContentView.swift in Sources */ = {isa = PBXBuildFile; fileRef = C724240A235F8EF800B5053C /* ContentView.swift */; };
		C724240D235F8EF900B5053C /* Assets.xcassets in Resources */ = {isa = PBXBuildFile; fileRef = C724240C235F8EF900B5053C /* Assets.xcassets */; };
		C7242410235F8EF900B5053C /* Preview Assets.xcassets in Resources */ = {isa = PBXBuildFile; fileRef = C724240F235F8EF900B5053C /* Preview Assets.xcassets */; };
		C7242413235F8EF900B5053C /* LaunchScreen.storyboard in Resources */ = {isa = PBXBuildFile; fileRef = C7242411235F8EF900B5053C /* LaunchScreen.storyboard */; };
		C724241B235F923D00B5053C /* SleepCalculator.mlmodel in Sources */ = {isa = PBXBuildFile; fileRef = C724241A235F923D00B5053C /* SleepCalculator.mlmodel */; };
/* End PBXBuildFile section */

/* Begin PBXFileReference section */
		C7242403235F8EF800B5053C /* BetterRest-Challenge.app */ = {isa = PBXFileReference; explicitFileType = wrapper.application; includeInIndex = 0; path = "BetterRest-Challenge.app"; sourceTree = BUILT_PRODUCTS_DIR; };
		C7242406235F8EF800B5053C /* AppDelegate.swift */ = {isa = PBXFileReference; lastKnownFileType = sourcecode.swift; path = AppDelegate.swift; sourceTree = "<group>"; };
		C7242408235F8EF800B5053C /* SceneDelegate.swift */ = {isa = PBXFileReference; lastKnownFileType = sourcecode.swift; path = SceneDelegate.swift; sourceTree = "<group>"; };
		C724240A235F8EF800B5053C /* ContentView.swift */ = {isa = PBXFileReference; lastKnownFileType = sourcecode.swift; path = ContentView.swift; sourceTree = "<group>"; };
		C724240C235F8EF900B5053C /* Assets.xcassets */ = {isa = PBXFileReference; lastKnownFileType = folder.assetcatalog; path = Assets.xcassets; sourceTree = "<group>"; };
		C724240F235F8EF900B5053C /* Preview Assets.xcassets */ = {isa = PBXFileReference; lastKnownFileType = folder.assetcatalog; path = "Preview Assets.xcassets"; sourceTree = "<group>"; };
		C7242412235F8EF900B5053C /* Base */ = {isa = PBXFileReference; lastKnownFileType = file.storyboard; name = Base; path = Base.lproj/LaunchScreen.storyboard; sourceTree = "<group>"; };
		C7242414235F8EF900B5053C /* Info.plist */ = {isa = PBXFileReference; lastKnownFileType = text.plist.xml; path = Info.plist; sourceTree = "<group>"; };
		C724241A235F923D00B5053C /* SleepCalculator.mlmodel */ = {isa = PBXFileReference; lastKnownFileType = file.mlmodel; path = SleepCalculator.mlmodel; sourceTree = "<group>"; };
/* End PBXFileReference section */

/* Begin PBXFrameworksBuildPhase section */
		C7242400235F8EF800B5053C /* Frameworks */ = {
			isa = PBXFrameworksBuildPhase;
			buildActionMask = 2147483647;
			files = (
			);
			runOnlyForDeploymentPostprocessing = 0;
		};
/* End PBXFrameworksBuildPhase section */

/* Begin PBXGroup section */
		C72423FA235F8EF800B5053C = {
			isa = PBXGroup;
			children = (
				C7242405235F8EF800B5053C /* BetterRest-Challenge */,
				C7242404235F8EF800B5053C /* Products */,
			);
			sourceTree = "<group>";
		};
		C7242404235F8EF800B5053C /* Products */ = {
			isa = PBXGroup;
			children = (
				C7242403235F8EF800B5053C /* BetterRest-Challenge.app */,
			);
			name = Products;
			sourceTree = "<group>";
		};
		C7242405235F8EF800B5053C /* BetterRest-Challenge */ = {
			isa = PBXGroup;
			children = (
				C7242406235F8EF800B5053C /* AppDelegate.swift */,
				C7242408235F8EF800B5053C /* SceneDelegate.swift */,
				C724240A235F8EF800B5053C /* ContentView.swift */,
				C724240C235F8EF900B5053C /* Assets.xcassets */,
				C7242411235F8EF900B5053C /* LaunchScreen.storyboard */,
				C7242414235F8EF900B5053C /* Info.plist */,
				C724241A235F923D00B5053C /* SleepCalculator.mlmodel */,
				C724240E235F8EF900B5053C /* Preview Content */,
			);
			path = "BetterRest-Challenge";
			sourceTree = "<group>";
		};
		C724240E235F8EF900B5053C /* Preview Content */ = {
			isa = PBXGroup;
			children = (
				C724240F235F8EF900B5053C /* Preview Assets.xcassets */,
			);
			path = "Preview Content";
			sourceTree = "<group>";
		};
/* End PBXGroup section */

/* Begin PBXNativeTarget section */
		C7242402235F8EF800B5053C /* BetterRest-Challenge */ = {
			isa = PBXNativeTarget;
			buildConfigurationList = C7242417235F8EF900B5053C /* Build configuration list for PBXNativeTarget "BetterRest-Challenge" */;
			buildPhases = (
				C72423FF235F8EF800B5053C /* Sources */,
				C7242400235F8EF800B5053C /* Frameworks */,
				C7242401235F8EF800B5053C /* Resources */,
			);
			buildRules = (
			);
			dependencies = (
			);
			name = "BetterRest-Challenge";
			productName = "BetterRest-Challenge";
			productReference = C7242403235F8EF800B5053C /* BetterRest-Challenge.app */;
			productType = "com.apple.product-type.application";
		};
/* End PBXNativeTarget section */

/* Begin PBXProject section */
		C72423FB235F8EF800B5053C /* Project object */ = {
			isa = PBXProject;
			attributes = {
				LastSwiftUpdateCheck = 1110;
				LastUpgradeCheck = 1110;
				ORGANIZATIONNAME = "Gregory Leck";
				TargetAttributes = {
					C7242402235F8EF800B5053C = {
						CreatedOnToolsVersion = 11.1;
					};
				};
			};
			buildConfigurationList = C72423FE235F8EF800B5053C /* Build configuration list for PBXProject "BetterRest-Challenge" */;
			compatibilityVersion = "Xcode 9.3";
			developmentRegion = en;
			hasScannedForEncodings = 0;
			knownRegions = (
				en,
				Base,
			);
			mainGroup = C72423FA235F8EF800B5053C;
			productRefGroup = C7242404235F8EF800B5053C /* Products */;
			projectDirPath = "";
			projectRoot = "";
			targets = (
				C7242402235F8EF800B5053C /* BetterRest-Challenge */,
			);
		};
/* End PBXProject section */

/* Begin PBXResourcesBuildPhase section */
		C7242401235F8EF800B5053C /* Resources */ = {
			isa = PBXResourcesBuildPhase;
			buildActionMask = 2147483647;
			files = (
				C7242413235F8EF900B5053C /* LaunchScreen.storyboard in Resources */,
				C7242410235F8EF900B5053C /* Preview Assets.xcassets in Resources */,
				C724240D235F8EF900B5053C /* Assets.xcassets in Resources */,
			);
			runOnlyForDeploymentPostprocessing = 0;
		};
/* End PBXResourcesBuildPhase section */

/* Begin PBXSourcesBuildPhase section */
		C72423FF235F8EF800B5053C /* Sources */ = {
			isa = PBXSourcesBuildPhase;
			buildActionMask = 2147483647;
			files = (
				C7242407235F8EF800B5053C /* AppDelegate.swift in Sources */,
				C7242409235F8EF800B5053C /* SceneDelegate.swift in Sources */,
				C724241B235F923D00B5053C /* SleepCalculator.mlmodel in Sources */,
				C724240B235F8EF800B5053C /* ContentView.swift in Sources */,
			);
			runOnlyForDeploymentPostprocessing = 0;
		};
/* End PBXSourcesBuildPhase section */

/* Begin PBXVariantGroup section */
		C7242411235F8EF900B5053C /* LaunchScreen.storyboard */ = {
			isa = PBXVariantGroup;
			children = (
				C7242412235F8EF900B5053C /* Base */,
			);
			name = LaunchScreen.storyboard;
			sourceTree = "<group>";
		};
/* End PBXVariantGroup section */

/* Begin XCBuildConfiguration section */
		C7242415235F8EF900B5053C /* Debug */ = {
			isa = XCBuildConfiguration;
			buildSettings = {
				ALWAYS_SEARCH_USER_PATHS = NO;
				CLANG_ANALYZER_NONNULL = YES;
				CLANG_ANALYZER_NUMBER_OBJECT_CONVERSION = YES_AGGRESSIVE;
				CLANG_CXX_LANGUAGE_STANDARD = "gnu++14";
				CLANG_CXX_LIBRARY = "libc++";
				CLANG_ENABLE_MODULES = YES;
				CLANG_ENABLE_OBJC_ARC = YES;
				CLANG_ENABLE_OBJC_WEAK = YES;
				CLANG_WARN_BLOCK_CAPTURE_AUTORELEASING = YES;
				CLANG_WARN_BOOL_CONVERSION = YES;
				CLANG_WARN_COMMA = YES;
				CLANG_WARN_CONSTANT_CONVERSION = YES;
				CLANG_WARN_DEPRECATED_OBJC_IMPLEMENTATIONS = YES;
				CLANG_WARN_DIRECT_OBJC_ISA_USAGE = YES_ERROR;
				CLANG_WARN_DOCUMENTATION_COMMENTS = YES;
				CLANG_WARN_EMPTY_BODY = YES;
				CLANG_WARN_ENUM_CONVERSION = YES;
				CLANG_WARN_INFINITE_RECURSION = YES;
				CLANG_WARN_INT_CONVERSION = YES;
				CLANG_WARN_NON_LITERAL_NULL_CONVERSION = YES;
				CLANG_WARN_OBJC_IMPLICIT_RETAIN_SELF = YES;
				CLANG_WARN_OBJC_LITERAL_CONVERSION = YES;
				CLANG_WARN_OBJC_ROOT_CLASS = YES_ERROR;
				CLANG_WARN_RANGE_LOOP_ANALYSIS = YES;
				CLANG_WARN_STRICT_PROTOTYPES = YES;
				CLANG_WARN_SUSPICIOUS_MOVE = YES;
				CLANG_WARN_UNGUARDED_AVAILABILITY = YES_AGGRESSIVE;
				CLANG_WARN_UNREACHABLE_CODE = YES;
				CLANG_WARN__DUPLICATE_METHOD_MATCH = YES;
				COPY_PHASE_STRIP = NO;
				DEBUG_INFORMATION_FORMAT = dwarf;
				ENABLE_STRICT_OBJC_MSGSEND = YES;
				ENABLE_TESTABILITY = YES;
				GCC_C_LANGUAGE_STANDARD = gnu11;
				GCC_DYNAMIC_NO_PIC = NO;
				GCC_NO_COMMON_BLOCKS = YES;
				GCC_OPTIMIZATION_LEVEL = 0;
				GCC_PREPROCESSOR_DEFINITIONS = (
					"DEBUG=1",
					"$(inherited)",
				);
				GCC_WARN_64_TO_32_BIT_CONVERSION = YES;
				GCC_WARN_ABOUT_RETURN_TYPE = YES_ERROR;
				GCC_WARN_UNDECLARED_SELECTOR = YES;
				GCC_WARN_UNINITIALIZED_AUTOS = YES_AGGRESSIVE;
				GCC_WARN_UNUSED_FUNCTION = YES;
				GCC_WARN_UNUSED_VARIABLE = YES;
				IPHONEOS_DEPLOYMENT_TARGET = 13.1;
				MTL_ENABLE_DEBUG_INFO = INCLUDE_SOURCE;
				MTL_FAST_MATH = YES;
				ONLY_ACTIVE_ARCH = YES;
				SDKROOT = iphoneos;
				SWIFT_ACTIVE_COMPILATION_CONDITIONS = DEBUG;
				SWIFT_OPTIMIZATION_LEVEL = "-Onone";
			};
			name = Debug;
		};
		C7242416235F8EF900B5053C /* Release */ = {
			isa = XCBuildConfiguration;
			buildSettings = {
				ALWAYS_SEARCH_USER_PATHS = NO;
				CLANG_ANALYZER_NONNULL = YES;
				CLANG_ANALYZER_NUMBER_OBJECT_CONVERSION = YES_AGGRESSIVE;
				CLANG_CXX_LANGUAGE_STANDARD = "gnu++14";
				CLANG_CXX_LIBRARY = "libc++";
				CLANG_ENABLE_MODULES = YES;
				CLANG_ENABLE_OBJC_ARC = YES;
				CLANG_ENABLE_OBJC_WEAK = YES;
				CLANG_WARN_BLOCK_CAPTURE_AUTORELEASING = YES;
				CLANG_WARN_BOOL_CONVERSION = YES;
				CLANG_WARN_COMMA = YES;
				CLANG_WARN_CONSTANT_CONVERSION = YES;
				CLANG_WARN_DEPRECATED_OBJC_IMPLEMENTATIONS = YES;
				CLANG_WARN_DIRECT_OBJC_ISA_USAGE = YES_ERROR;
				CLANG_WARN_DOCUMENTATION_COMMENTS = YES;
				CLANG_WARN_EMPTY_BODY = YES;
				CLANG_WARN_ENUM_CONVERSION = YES;
				CLANG_WARN_INFINITE_RECURSION = YES;
				CLANG_WARN_INT_CONVERSION = YES;
				CLANG_WARN_NON_LITERAL_NULL_CONVERSION = YES;
				CLANG_WARN_OBJC_IMPLICIT_RETAIN_SELF = YES;
				CLANG_WARN_OBJC_LITERAL_CONVERSION = YES;
				CLANG_WARN_OBJC_ROOT_CLASS = YES_ERROR;
				CLANG_WARN_RANGE_LOOP_ANALYSIS = YES;
				CLANG_WARN_STRICT_PROTOTYPES = YES;
				CLANG_WARN_SUSPICIOUS_MOVE = YES;
				CLANG_WARN_UNGUARDED_AVAILABILITY = YES_AGGRESSIVE;
				CLANG_WARN_UNREACHABLE_CODE = YES;
				CLANG_WARN__DUPLICATE_METHOD_MATCH = YES;
				COPY_PHASE_STRIP = NO;
				DEBUG_INFORMATION_FORMAT = "dwarf-with-dsym";
				ENABLE_NS_ASSERTIONS = NO;
				ENABLE_STRICT_OBJC_MSGSEND = YES;
				GCC_C_LANGUAGE_STANDARD = gnu11;
				GCC_NO_COMMON_BLOCKS = YES;
				GCC_WARN_64_TO_32_BIT_CONVERSION = YES;
				GCC_WARN_ABOUT_RETURN_TYPE = YES_ERROR;
				GCC_WARN_UNDECLARED_SELECTOR = YES;
				GCC_WARN_UNINITIALIZED_AUTOS = YES_AGGRESSIVE;
				GCC_WARN_UNUSED_FUNCTION = YES;
				GCC_WARN_UNUSED_VARIABLE = YES;
				IPHONEOS_DEPLOYMENT_TARGET = 13.1;
				MTL_ENABLE_DEBUG_INFO = NO;
				MTL_FAST_MATH = YES;
				SDKROOT = iphoneos;
				SWIFT_COMPILATION_MODE = wholemodule;
				SWIFT_OPTIMIZATION_LEVEL = "-O";
				VALIDATE_PRODUCT = YES;
			};
			name = Release;
		};
		C7242418235F8EF900B5053C /* Debug */ = {
			isa = XCBuildConfiguration;
			buildSettings = {
				ASSETCATALOG_COMPILER_APPICON_NAME = AppIcon;
				CODE_SIGN_STYLE = Automatic;
				DEVELOPMENT_ASSET_PATHS = "\"BetterRest-Challenge/Preview Content\"";
				DEVELOPMENT_TEAM = 8M2V9S6N7V;
				ENABLE_PREVIEWS = YES;
				INFOPLIST_FILE = "BetterRest-Challenge/Info.plist";
				LD_RUNPATH_SEARCH_PATHS = (
					"$(inherited)",
					"@executable_path/Frameworks",
				);
				PRODUCT_BUNDLE_IDENTIFIER = "codes.leck.BetterRest-Challenge";
				PRODUCT_NAME = "$(TARGET_NAME)";
				SWIFT_VERSION = 5.0;
				TARGETED_DEVICE_FAMILY = "1,2";
			};
			name = Debug;
		};
		C7242419235F8EF900B5053C /* Release */ = {
			isa = XCBuildConfiguration;
			buildSettings = {
				ASSETCATALOG_COMPILER_APPICON_NAME = AppIcon;
				CODE_SIGN_STYLE = Automatic;
				DEVELOPMENT_ASSET_PATHS = "\"BetterRest-Challenge/Preview Content\"";
				DEVELOPMENT_TEAM = 8M2V9S6N7V;
				ENABLE_PREVIEWS = YES;
				INFOPLIST_FILE = "BetterRest-Challenge/Info.plist";
				LD_RUNPATH_SEARCH_PATHS = (
					"$(inherited)",
					"@executable_path/Frameworks",
				);
				PRODUCT_BUNDLE_IDENTIFIER = "codes.leck.BetterRest-Challenge";
				PRODUCT_NAME = "$(TARGET_NAME)";
				SWIFT_VERSION = 5.0;
				TARGETED_DEVICE_FAMILY = "1,2";
			};
			name = Release;
		};
/* End XCBuildConfiguration section */

/* Begin XCConfigurationList section */
		C72423FE235F8EF800B5053C /* Build configuration list for PBXProject "BetterRest-Challenge" */ = {
			isa = XCConfigurationList;
			buildConfigurations = (
				C7242415235F8EF900B5053C /* Debug */,
				C7242416235F8EF900B5053C /* Release */,
			);
			defaultConfigurationIsVisible = 0;
			defaultConfigurationName = Release;
		};
		C7242417235F8EF900B5053C /* Build configuration list for PBXNativeTarget "BetterRest-Challenge" */ = {
			isa = XCConfigurationList;
			buildConfigurations = (
				C7242418235F8EF900B5053C /* Debug */,
				C7242419235F8EF900B5053C /* Release */,
			);
			defaultConfigurationIsVisible = 0;
			defaultConfigurationName = Release;
		};
/* End XCConfigurationList section */
	};
	rootObject = C72423FB235F8EF800B5053C /* Project object */;
}
