// !$*UTF8*$!
{
	archiveVersion = 1;
	classes = {
	};
	objectVersion = 50;
	objects = {

/* Begin PBXBuildFile section */
		C72899302361D9A1001B2755 /* AppDelegate.swift in Sources */ = {isa = PBXBuildFile; fileRef = C728992F2361D9A1001B2755 /* AppDelegate.swift */; };
		C72899322361D9A1001B2755 /* SceneDelegate.swift in Sources */ = {isa = PBXBuildFile; fileRef = C72899312361D9A1001B2755 /* SceneDelegate.swift */; };
		C72899342361D9A1001B2755 /* ContentView.swift in Sources */ = {isa = PBXBuildFile; fileRef = C72899332361D9A1001B2755 /* ContentView.swift */; };
		C72899362361D9A3001B2755 /* Assets.xcassets in Resources */ = {isa = PBXBuildFile; fileRef = C72899352361D9A3001B2755 /* Assets.xcassets */; };
		C72899392361D9A3001B2755 /* Preview Assets.xcassets in Resources */ = {isa = PBXBuildFile; fileRef = C72899382361D9A3001B2755 /* Preview Assets.xcassets */; };
		C728993C2361D9A3001B2755 /* LaunchScreen.storyboard in Resources */ = {isa = PBXBuildFile; fileRef = C728993A2361D9A3001B2755 /* LaunchScreen.storyboard */; };
		C72899442361DAD7001B2755 /* start.txt in Resources */ = {isa = PBXBuildFile; fileRef = C72899432361DAD7001B2755 /* start.txt */; };
/* End PBXBuildFile section */

/* Begin PBXFileReference section */
		C728992C2361D9A1001B2755 /* WordScramble-Challenge.app */ = {isa = PBXFileReference; explicitFileType = wrapper.application; includeInIndex = 0; path = "WordScramble-Challenge.app"; sourceTree = BUILT_PRODUCTS_DIR; };
		C728992F2361D9A1001B2755 /* AppDelegate.swift */ = {isa = PBXFileReference; lastKnownFileType = sourcecode.swift; path = AppDelegate.swift; sourceTree = "<group>"; };
		C72899312361D9A1001B2755 /* SceneDelegate.swift */ = {isa = PBXFileReference; lastKnownFileType = sourcecode.swift; path = SceneDelegate.swift; sourceTree = "<group>"; };
		C72899332361D9A1001B2755 /* ContentView.swift */ = {isa = PBXFileReference; lastKnownFileType = sourcecode.swift; path = ContentView.swift; sourceTree = "<group>"; };
		C72899352361D9A3001B2755 /* Assets.xcassets */ = {isa = PBXFileReference; lastKnownFileType = folder.assetcatalog; path = Assets.xcassets; sourceTree = "<group>"; };
		C72899382361D9A3001B2755 /* Preview Assets.xcassets */ = {isa = PBXFileReference; lastKnownFileType = folder.assetcatalog; path = "Preview Assets.xcassets"; sourceTree = "<group>"; };
		C728993B2361D9A3001B2755 /* Base */ = {isa = PBXFileReference; lastKnownFileType = file.storyboard; name = Base; path = Base.lproj/LaunchScreen.storyboard; sourceTree = "<group>"; };
		C728993D2361D9A3001B2755 /* Info.plist */ = {isa = PBXFileReference; lastKnownFileType = text.plist.xml; path = Info.plist; sourceTree = "<group>"; };
		C72899432361DAD7001B2755 /* start.txt */ = {isa = PBXFileReference; fileEncoding = 4; lastKnownFileType = text; path = start.txt; sourceTree = "<group>"; };
/* End PBXFileReference section */

/* Begin PBXFrameworksBuildPhase section */
		C72899292361D9A1001B2755 /* Frameworks */ = {
			isa = PBXFrameworksBuildPhase;
			buildActionMask = 2147483647;
			files = (
			);
			runOnlyForDeploymentPostprocessing = 0;
		};
/* End PBXFrameworksBuildPhase section */

/* Begin PBXGroup section */
		C72899232361D9A1001B2755 = {
			isa = PBXGroup;
			children = (
				C728992E2361D9A1001B2755 /* WordScramble-Challenge */,
				C728992D2361D9A1001B2755 /* Products */,
			);
			sourceTree = "<group>";
		};
		C728992D2361D9A1001B2755 /* Products */ = {
			isa = PBXGroup;
			children = (
				C728992C2361D9A1001B2755 /* WordScramble-Challenge.app */,
			);
			name = Products;
			sourceTree = "<group>";
		};
		C728992E2361D9A1001B2755 /* WordScramble-Challenge */ = {
			isa = PBXGroup;
			children = (
				C728992F2361D9A1001B2755 /* AppDelegate.swift */,
				C72899312361D9A1001B2755 /* SceneDelegate.swift */,
				C72899332361D9A1001B2755 /* ContentView.swift */,
				C72899352361D9A3001B2755 /* Assets.xcassets */,
				C728993A2361D9A3001B2755 /* LaunchScreen.storyboard */,
				C728993D2361D9A3001B2755 /* Info.plist */,
				C72899432361DAD7001B2755 /* start.txt */,
				C72899372361D9A3001B2755 /* Preview Content */,
			);
			path = "WordScramble-Challenge";
			sourceTree = "<group>";
		};
		C72899372361D9A3001B2755 /* Preview Content */ = {
			isa = PBXGroup;
			children = (
				C72899382361D9A3001B2755 /* Preview Assets.xcassets */,
			);
			path = "Preview Content";
			sourceTree = "<group>";
		};
/* End PBXGroup section */

/* Begin PBXNativeTarget section */
		C728992B2361D9A1001B2755 /* WordScramble-Challenge */ = {
			isa = PBXNativeTarget;
			buildConfigurationList = C72899402361D9A3001B2755 /* Build configuration list for PBXNativeTarget "WordScramble-Challenge" */;
			buildPhases = (
				C72899282361D9A1001B2755 /* Sources */,
				C72899292361D9A1001B2755 /* Frameworks */,
				C728992A2361D9A1001B2755 /* Resources */,
			);
			buildRules = (
			);
			dependencies = (
			);
			name = "WordScramble-Challenge";
			productName = "WordScramble-Challenge";
			productReference = C728992C2361D9A1001B2755 /* WordScramble-Challenge.app */;
			productType = "com.apple.product-type.application";
		};
/* End PBXNativeTarget section */

/* Begin PBXProject section */
		C72899242361D9A1001B2755 /* Project object */ = {
			isa = PBXProject;
			attributes = {
				LastSwiftUpdateCheck = 1110;
				LastUpgradeCheck = 1110;
				ORGANIZATIONNAME = "Gregory Leck";
				TargetAttributes = {
					C728992B2361D9A1001B2755 = {
						CreatedOnToolsVersion = 11.1;
					};
				};
			};
			buildConfigurationList = C72899272361D9A1001B2755 /* Build configuration list for PBXProject "WordScramble-Challenge" */;
			compatibilityVersion = "Xcode 9.3";
			developmentRegion = en;
			hasScannedForEncodings = 0;
			knownRegions = (
				en,
				Base,
			);
			mainGroup = C72899232361D9A1001B2755;
			productRefGroup = C728992D2361D9A1001B2755 /* Products */;
			projectDirPath = "";
			projectRoot = "";
			targets = (
				C728992B2361D9A1001B2755 /* WordScramble-Challenge */,
			);
		};
/* End PBXProject section */

/* Begin PBXResourcesBuildPhase section */
		C728992A2361D9A1001B2755 /* Resources */ = {
			isa = PBXResourcesBuildPhase;
			buildActionMask = 2147483647;
			files = (
				C728993C2361D9A3001B2755 /* LaunchScreen.storyboard in Resources */,
				C72899442361DAD7001B2755 /* start.txt in Resources */,
				C72899392361D9A3001B2755 /* Preview Assets.xcassets in Resources */,
				C72899362361D9A3001B2755 /* Assets.xcassets in Resources */,
			);
			runOnlyForDeploymentPostprocessing = 0;
		};
/* End PBXResourcesBuildPhase section */

/* Begin PBXSourcesBuildPhase section */
		C72899282361D9A1001B2755 /* Sources */ = {
			isa = PBXSourcesBuildPhase;
			buildActionMask = 2147483647;
			files = (
				C72899302361D9A1001B2755 /* AppDelegate.swift in Sources */,
				C72899322361D9A1001B2755 /* SceneDelegate.swift in Sources */,
				C72899342361D9A1001B2755 /* ContentView.swift in Sources */,
			);
			runOnlyForDeploymentPostprocessing = 0;
		};
/* End PBXSourcesBuildPhase section */

/* Begin PBXVariantGroup section */
		C728993A2361D9A3001B2755 /* LaunchScreen.storyboard */ = {
			isa = PBXVariantGroup;
			children = (
				C728993B2361D9A3001B2755 /* Base */,
			);
			name = LaunchScreen.storyboard;
			sourceTree = "<group>";
		};
/* End PBXVariantGroup section */

/* Begin XCBuildConfiguration section */
		C728993E2361D9A3001B2755 /* Debug */ = {
			isa = XCBuildConfiguration;
			buildSettings = {
				ALWAYS_SEARCH_USER_PATHS = NO;
				CLANG_ANALYZER_NONNULL = YES;
				CLANG_ANALYZER_NUMBER_OBJECT_CONVERSION = YES_AGGRESSIVE;
				CLANG_CXX_LANGUAGE_STANDARD = "gnu++14";
				CLANG_CXX_LIBRARY = "libc++";
				CLANG_ENABLE_MODULES = YES;
				CLANG_ENABLE_OBJC_ARC = YES;
				CLANG_ENABLE_OBJC_WEAK = YES;
				CLANG_WARN_BLOCK_CAPTURE_AUTORELEASING = YES;
				CLANG_WARN_BOOL_CONVERSION = YES;
				CLANG_WARN_COMMA = YES;
				CLANG_WARN_CONSTANT_CONVERSION = YES;
				CLANG_WARN_DEPRECATED_OBJC_IMPLEMENTATIONS = YES;
				CLANG_WARN_DIRECT_OBJC_ISA_USAGE = YES_ERROR;
				CLANG_WARN_DOCUMENTATION_COMMENTS = YES;
				CLANG_WARN_EMPTY_BODY = YES;
				CLANG_WARN_ENUM_CONVERSION = YES;
				CLANG_WARN_INFINITE_RECURSION = YES;
				CLANG_WARN_INT_CONVERSION = YES;
				CLANG_WARN_NON_LITERAL_NULL_CONVERSION = YES;
				CLANG_WARN_OBJC_IMPLICIT_RETAIN_SELF = YES;
				CLANG_WARN_OBJC_LITERAL_CONVERSION = YES;
				CLANG_WARN_OBJC_ROOT_CLASS = YES_ERROR;
				CLANG_WARN_RANGE_LOOP_ANALYSIS = YES;
				CLANG_WARN_STRICT_PROTOTYPES = YES;
				CLANG_WARN_SUSPICIOUS_MOVE = YES;
				CLANG_WARN_UNGUARDED_AVAILABILITY = YES_AGGRESSIVE;
				CLANG_WARN_UNREACHABLE_CODE = YES;
				CLANG_WARN__DUPLICATE_METHOD_MATCH = YES;
				COPY_PHASE_STRIP = NO;
				DEBUG_INFORMATION_FORMAT = dwarf;
				ENABLE_STRICT_OBJC_MSGSEND = YES;
				ENABLE_TESTABILITY = YES;
				GCC_C_LANGUAGE_STANDARD = gnu11;
				GCC_DYNAMIC_NO_PIC = NO;
				GCC_NO_COMMON_BLOCKS = YES;
				GCC_OPTIMIZATION_LEVEL = 0;
				GCC_PREPROCESSOR_DEFINITIONS = (
					"DEBUG=1",
					"$(inherited)",
				);
				GCC_WARN_64_TO_32_BIT_CONVERSION = YES;
				GCC_WARN_ABOUT_RETURN_TYPE = YES_ERROR;
				GCC_WARN_UNDECLARED_SELECTOR = YES;
				GCC_WARN_UNINITIALIZED_AUTOS = YES_AGGRESSIVE;
				GCC_WARN_UNUSED_FUNCTION = YES;
				GCC_WARN_UNUSED_VARIABLE = YES;
				IPHONEOS_DEPLOYMENT_TARGET = 13.1;
				MTL_ENABLE_DEBUG_INFO = INCLUDE_SOURCE;
				MTL_FAST_MATH = YES;
				ONLY_ACTIVE_ARCH = YES;
				SDKROOT = iphoneos;
				SWIFT_ACTIVE_COMPILATION_CONDITIONS = DEBUG;
				SWIFT_OPTIMIZATION_LEVEL = "-Onone";
			};
			name = Debug;
		};
		C728993F2361D9A3001B2755 /* Release */ = {
			isa = XCBuildConfiguration;
			buildSettings = {
				ALWAYS_SEARCH_USER_PATHS = NO;
				CLANG_ANALYZER_NONNULL = YES;
				CLANG_ANALYZER_NUMBER_OBJECT_CONVERSION = YES_AGGRESSIVE;
				CLANG_CXX_LANGUAGE_STANDARD = "gnu++14";
				CLANG_CXX_LIBRARY = "libc++";
				CLANG_ENABLE_MODULES = YES;
				CLANG_ENABLE_OBJC_ARC = YES;
				CLANG_ENABLE_OBJC_WEAK = YES;
				CLANG_WARN_BLOCK_CAPTURE_AUTORELEASING = YES;
				CLANG_WARN_BOOL_CONVERSION = YES;
				CLANG_WARN_COMMA = YES;
				CLANG_WARN_CONSTANT_CONVERSION = YES;
				CLANG_WARN_DEPRECATED_OBJC_IMPLEMENTATIONS = YES;
				CLANG_WARN_DIRECT_OBJC_ISA_USAGE = YES_ERROR;
				CLANG_WARN_DOCUMENTATION_COMMENTS = YES;
				CLANG_WARN_EMPTY_BODY = YES;
				CLANG_WARN_ENUM_CONVERSION = YES;
				CLANG_WARN_INFINITE_RECURSION = YES;
				CLANG_WARN_INT_CONVERSION = YES;
				CLANG_WARN_NON_LITERAL_NULL_CONVERSION = YES;
				CLANG_WARN_OBJC_IMPLICIT_RETAIN_SELF = YES;
				CLANG_WARN_OBJC_LITERAL_CONVERSION = YES;
				CLANG_WARN_OBJC_ROOT_CLASS = YES_ERROR;
				CLANG_WARN_RANGE_LOOP_ANALYSIS = YES;
				CLANG_WARN_STRICT_PROTOTYPES = YES;
				CLANG_WARN_SUSPICIOUS_MOVE = YES;
				CLANG_WARN_UNGUARDED_AVAILABILITY = YES_AGGRESSIVE;
				CLANG_WARN_UNREACHABLE_CODE = YES;
				CLANG_WARN__DUPLICATE_METHOD_MATCH = YES;
				COPY_PHASE_STRIP = NO;
				DEBUG_INFORMATION_FORMAT = "dwarf-with-dsym";
				ENABLE_NS_ASSERTIONS = NO;
				ENABLE_STRICT_OBJC_MSGSEND = YES;
				GCC_C_LANGUAGE_STANDARD = gnu11;
				GCC_NO_COMMON_BLOCKS = YES;
				GCC_WARN_64_TO_32_BIT_CONVERSION = YES;
				GCC_WARN_ABOUT_RETURN_TYPE = YES_ERROR;
				GCC_WARN_UNDECLARED_SELECTOR = YES;
				GCC_WARN_UNINITIALIZED_AUTOS = YES_AGGRESSIVE;
				GCC_WARN_UNUSED_FUNCTION = YES;
				GCC_WARN_UNUSED_VARIABLE = YES;
				IPHONEOS_DEPLOYMENT_TARGET = 13.1;
				MTL_ENABLE_DEBUG_INFO = NO;
				MTL_FAST_MATH = YES;
				SDKROOT = iphoneos;
				SWIFT_COMPILATION_MODE = wholemodule;
				SWIFT_OPTIMIZATION_LEVEL = "-O";
				VALIDATE_PRODUCT = YES;
			};
			name = Release;
		};
		C72899412361D9A3001B2755 /* Debug */ = {
			isa = XCBuildConfiguration;
			buildSettings = {
				ASSETCATALOG_COMPILER_APPICON_NAME = AppIcon;
				CODE_SIGN_STYLE = Automatic;
				DEVELOPMENT_ASSET_PATHS = "\"WordScramble-Challenge/Preview Content\"";
				DEVELOPMENT_TEAM = 8M2V9S6N7V;
				ENABLE_PREVIEWS = YES;
				INFOPLIST_FILE = "WordScramble-Challenge/Info.plist";
				LD_RUNPATH_SEARCH_PATHS = (
					"$(inherited)",
					"@executable_path/Frameworks",
				);
				PRODUCT_BUNDLE_IDENTIFIER = "codes.leck.WordScramble-Challenge";
				PRODUCT_NAME = "$(TARGET_NAME)";
				SWIFT_VERSION = 5.0;
				TARGETED_DEVICE_FAMILY = "1,2";
			};
			name = Debug;
		};
		C72899422361D9A3001B2755 /* Release */ = {
			isa = XCBuildConfiguration;
			buildSettings = {
				ASSETCATALOG_COMPILER_APPICON_NAME = AppIcon;
				CODE_SIGN_STYLE = Automatic;
				DEVELOPMENT_ASSET_PATHS = "\"WordScramble-Challenge/Preview Content\"";
				DEVELOPMENT_TEAM = 8M2V9S6N7V;
				ENABLE_PREVIEWS = YES;
				INFOPLIST_FILE = "WordScramble-Challenge/Info.plist";
				LD_RUNPATH_SEARCH_PATHS = (
					"$(inherited)",
					"@executable_path/Frameworks",
				);
				PRODUCT_BUNDLE_IDENTIFIER = "codes.leck.WordScramble-Challenge";
				PRODUCT_NAME = "$(TARGET_NAME)";
				SWIFT_VERSION = 5.0;
				TARGETED_DEVICE_FAMILY = "1,2";
			};
			name = Release;
		};
/* End XCBuildConfiguration section */

/* Begin XCConfigurationList section */
		C72899272361D9A1001B2755 /* Build configuration list for PBXProject "WordScramble-Challenge" */ = {
			isa = XCConfigurationList;
			buildConfigurations = (
				C728993E2361D9A3001B2755 /* Debug */,
				C728993F2361D9A3001B2755 /* Release */,
			);
			defaultConfigurationIsVisible = 0;
			defaultConfigurationName = Release;
		};
		C72899402361D9A3001B2755 /* Build configuration list for PBXNativeTarget "WordScramble-Challenge" */ = {
			isa = XCConfigurationList;
			buildConfigurations = (
				C72899412361D9A3001B2755 /* Debug */,
				C72899422361D9A3001B2755 /* Release */,
			);
			defaultConfigurationIsVisible = 0;
			defaultConfigurationName = Release;
		};
/* End XCConfigurationList section */
	};
	rootObject = C72899242361D9A1001B2755 /* Project object */;
}
